{
  "requires": true,
  "lockfileVersion": 1,
  "dependencies": {
    "@arabi/maps": {
      "version": "1.2.0",
      "resolved": "https://registry.npmjs.org/@arabi/maps/-/maps-1.2.0.tgz",
      "integrity": "sha512-C07C1/BAajKRCjQRlujU/bdewXq+AtrS8T6pluJ1ytQeSk5t9QRH97Obm3mdlr4yLBNB7PpGr4AAoxFEt57C5A==",
      "requires": {
        "@babel/runtime-corejs3": "^7.12.5"
      }
    },
    "@babel/runtime-corejs3": {
      "version": "7.12.5",
      "resolved": "https://registry.npmjs.org/@babel/runtime-corejs3/-/runtime-corejs3-7.12.5.tgz",
      "integrity": "sha512-roGr54CsTmNPPzZoCP1AmDXuBoNao7tnSA83TXTwt+UK5QVyh1DIJnrgYRPWKCF2flqZQXwa7Yr8v7VmLzF0YQ==",
      "requires": {
        "core-js-pure": "^3.0.0",
        "regenerator-runtime": "^0.13.4"
      }
    },
    "core-js-pure": {
      "version": "3.8.1",
      "resolved": "https://registry.npmjs.org/core-js-pure/-/core-js-pure-3.8.1.tgz",
      "integrity": "sha512-Se+LaxqXlVXGvmexKGPvnUIYC1jwXu1H6Pkyb3uBM5d8/NELMYCHs/4/roD7721NxrTLyv7e5nXd5/QLBO+10g=="
    },
    "jquery": {
      "version": "3.5.1",
      "resolved": "https://registry.npmjs.org/jquery/-/jquery-3.5.1.tgz",
      "integrity": "sha512-XwIBPqcMn57FxfT+Go5pzySnm4KWkT1Tv7gjrpT1srtf8Weynl6R273VJ5GjkRb51IzMp5nbaPjJXMWeju2MKg=="
    },
    "regenerator-runtime": {
      "version": "0.13.7",
      "resolved": "https://registry.npmjs.org/regenerator-runtime/-/regenerator-runtime-0.13.7.tgz",
      "integrity": "sha512-a54FxoJDIr27pgf7IgeQGxmqUNYrcV338lf/6gH456HZ/PhX+5BcwHXG9ajESmwe6WRO0tAzRUrRmNONWgkrew=="
    }
  }
}
